
Microsoft Visual Studio Solution File, Format Version 12.00
# Visual Studio Version 17
VisualStudioVersion = 17.5.33516.290
MinimumVisualStudioVersion = 10.0.40219.1
Project("{9A19103F-16F7-4668-BE54-9A1E7A4F7556}") = "MultipleBlazor.Server", "MultipleBlazor\Server\MultipleBlazor.Server.csproj", "{68BD4B5A-3838-4D16-9629-51EA2FFCE5C3}"
EndProject
Project("{9A19103F-16F7-4668-BE54-9A1E7A4F7556}") = "MultipleBlazor.Client", "MultipleBlazor\Client\MultipleBlazor.Client.csproj", "{CA844C6E-8C16-4FBD-B070-8EBE4D935CFD}"
EndProject
Project("{9A19103F-16F7-4668-BE54-9A1E7A4F7556}") = "MultipleBlazor.Shared", "MultipleBlazor\Shared\MultipleBlazor.Shared.csproj", "{91DFFA64-9688-449D-A56B-674EE8BD8983}"
EndProject
Project("{9A19103F-16F7-4668-BE54-9A1E7A4F7556}") = "MultipleBlazor.Client2", "MultipleBlazor\Client2\MultipleBlazor.Client2.csproj", "{FB61B538-06E5-4125-8E57-0DFAD83F3381}"
EndProject
Project("{FAE04EC0-301F-11D3-BF4B-00C04F79EFBC}") = "ComponentLibrary", "MultipleBlazor\ComponentLibrary\ComponentLibrary.csproj", "{97EA044E-2E27-4663-8243-E108673E0AA8}"
EndProject
Global
	GlobalSection(SolutionConfigurationPlatforms) = preSolution
		Debug|Any CPU = Debug|Any CPU
		Release|Any CPU = Release|Any CPU
	EndGlobalSection
	GlobalSection(ProjectConfigurationPlatforms) = postSolution
		{68BD4B5A-3838-4D16-9629-51EA2FFCE5C3}.Debug|Any CPU.ActiveCfg = Debug|Any CPU
		{68BD4B5A-3838-4D16-9629-51EA2FFCE5C3}.Debug|Any CPU.Build.0 = Debug|Any CPU
		{68BD4B5A-3838-4D16-9629-51EA2FFCE5C3}.Release|Any CPU.ActiveCfg = Release|Any CPU
		{68BD4B5A-3838-4D16-9629-51EA2FFCE5C3}.Release|Any CPU.Build.0 = Release|Any CPU
		{CA844C6E-8C16-4FBD-B070-8EBE4D935CFD}.Debug|Any CPU.ActiveCfg = Debug|Any CPU
		{CA844C6E-8C16-4FBD-B070-8EBE4D935CFD}.Debug|Any CPU.Build.0 = Debug|Any CPU
		{CA844C6E-8C16-4FBD-B070-8EBE4D935CFD}.Release|Any CPU.ActiveCfg = Release|Any CPU
		{CA844C6E-8C16-4FBD-B070-8EBE4D935CFD}.Release|Any CPU.Build.0 = Release|Any CPU
		{91DFFA64-9688-449D-A56B-674EE8BD8983}.Debug|Any CPU.ActiveCfg = Debug|Any CPU
		{91DFFA64-9688-449D-A56B-674EE8BD8983}.Debug|Any CPU.Build.0 = Debug|Any CPU
		{91DFFA64-9688-449D-A56B-674EE8BD8983}.Release|Any CPU.ActiveCfg = Release|Any CPU
		{91DFFA64-9688-449D-A56B-674EE8BD8983}.Release|Any CPU.Build.0 = Release|Any CPU
		{FB61B538-06E5-4125-8E57-0DFAD83F3381}.Debug|Any CPU.ActiveCfg = Debug|Any CPU
		{FB61B538-06E5-4125-8E57-0DFAD83F3381}.Debug|Any CPU.Build.0 = Debug|Any CPU
		{FB61B538-06E5-4125-8E57-0DFAD83F3381}.Release|Any CPU.ActiveCfg = Release|Any CPU
		{FB61B538-06E5-4125-8E57-0DFAD83F3381}.Release|Any CPU.Build.0 = Release|Any CPU
		{97EA044E-2E27-4663-8243-E108673E0AA8}.Debug|Any CPU.ActiveCfg = Debug|Any CPU
		{97EA044E-2E27-4663-8243-E108673E0AA8}.Debug|Any CPU.Build.0 = Debug|Any CPU
		{97EA044E-2E27-4663-8243-E108673E0AA8}.Release|Any CPU.ActiveCfg = Release|Any CPU
		{97EA044E-2E27-4663-8243-E108673E0AA8}.Release|Any CPU.Build.0 = Release|Any CPU
	EndGlobalSection
	GlobalSection(SolutionProperties) = preSolution
		HideSolutionNode = FALSE
	EndGlobalSection
	GlobalSection(ExtensibilityGlobals) = postSolution
		SolutionGuid = {45A9B01A-D1DB-4CAA-A326-181F23D468B4}
	EndGlobalSection
EndGlobal
